
Microsoft Visual Studio Solution File, Format Version 12.00
# Visual Studio Version 17
VisualStudioVersion = 17.0.31903.59
MinimumVisualStudioVersion = 10.0.40219.1
Project("{9A19103F-16F7-4668-BE54-9A1E7A4F7556}") = "001_ConcurrentQueue", "001_ConcurrentQueue\001_ConcurrentQueue.csproj", "{72E50C26-1EFD-4F96-9271-BE76829749E4}"
EndProject
Project("{9A19103F-16F7-4668-BE54-9A1E7A4F7556}") = "002_ConcurrentStack", "002_ConcurrentStack\002_ConcurrentStack.csproj", "{5CC117D7-A6FB-47A8-803B-23651418B7D7}"
EndProject
Project("{FAE04EC0-301F-11D3-BF4B-00C04F79EFBC}") = "003_ConcurrentBag", "003_ConcurrentBag\003_ConcurrentBag.csproj", "{C5E6CD99-03A1-4FF4-BDBF-972635EE6E4C}"
EndProject
Global
	GlobalSection(SolutionConfigurationPlatforms) = preSolution
		Debug|Any CPU = Debug|Any CPU
		Release|Any CPU = Release|Any CPU
	EndGlobalSection
	GlobalSection(ProjectConfigurationPlatforms) = postSolution
		{72E50C26-1EFD-4F96-9271-BE76829749E4}.Debug|Any CPU.ActiveCfg = Debug|Any CPU
		{72E50C26-1EFD-4F96-9271-BE76829749E4}.Debug|Any CPU.Build.0 = Debug|Any CPU
		{72E50C26-1EFD-4F96-9271-BE76829749E4}.Release|Any CPU.ActiveCfg = Release|Any CPU
		{72E50C26-1EFD-4F96-9271-BE76829749E4}.Release|Any CPU.Build.0 = Release|Any CPU
		{5CC117D7-A6FB-47A8-803B-23651418B7D7}.Debug|Any CPU.ActiveCfg = Debug|Any CPU
		{5CC117D7-A6FB-47A8-803B-23651418B7D7}.Debug|Any CPU.Build.0 = Debug|Any CPU
		{5CC117D7-A6FB-47A8-803B-23651418B7D7}.Release|Any CPU.ActiveCfg = Release|Any CPU
		{5CC117D7-A6FB-47A8-803B-23651418B7D7}.Release|Any CPU.Build.0 = Release|Any CPU
		{C5E6CD99-03A1-4FF4-BDBF-972635EE6E4C}.Debug|Any CPU.ActiveCfg = Debug|Any CPU
		{C5E6CD99-03A1-4FF4-BDBF-972635EE6E4C}.Debug|Any CPU.Build.0 = Debug|Any CPU
		{C5E6CD99-03A1-4FF4-BDBF-972635EE6E4C}.Release|Any CPU.ActiveCfg = Release|Any CPU
		{C5E6CD99-03A1-4FF4-BDBF-972635EE6E4C}.Release|Any CPU.Build.0 = Release|Any CPU
	EndGlobalSection
	GlobalSection(SolutionProperties) = preSolution
		HideSolutionNode = FALSE
	EndGlobalSection
EndGlobal
