
Microsoft Visual Studio Solution File, Format Version 12.00
# Visual Studio Version 17
VisualStudioVersion = 17.0.31903.59
MinimumVisualStudioVersion = 10.0.40219.1
Project("{9A19103F-16F7-4668-BE54-9A1E7A4F7556}") = "001_PLINQ", "001_PLINQ\001_PLINQ.csproj", "{7900E10B-033F-468C-9DB0-9091A5BE8485}"
EndProject
Project("{9A19103F-16F7-4668-BE54-9A1E7A4F7556}") = "002_PLINQ", "002_PLINQ\002_PLINQ.csproj", "{BC76E310-0412-4986-92D4-0F74F88DCF46}"
EndProject
Project("{9A19103F-16F7-4668-BE54-9A1E7A4F7556}") = "003_PLINQ", "003_PLINQ\003_PLINQ.csproj", "{943E704A-C5BB-4EB5-9825-1915121D17D8}"
EndProject
Project("{9A19103F-16F7-4668-BE54-9A1E7A4F7556}") = "004_PLINQ", "004_PLINQ\004_PLINQ.csproj", "{DB8B58B3-8206-4C3F-A810-6D8417952C7C}"
EndProject
Project("{9A19103F-16F7-4668-BE54-9A1E7A4F7556}") = "005_PLINQ", "005_PLINQ\005_PLINQ.csproj", "{AA3C5B21-A7B5-4758-8E64-67D6C4AA658D}"
EndProject
Project("{9A19103F-16F7-4668-BE54-9A1E7A4F7556}") = "006_PLINQ", "006_PLINQ\006_PLINQ.csproj", "{5F4B4727-6A1C-4A7A-9D5D-4CF2764CB846}"
EndProject
Project("{9A19103F-16F7-4668-BE54-9A1E7A4F7556}") = "007_PLINQ", "007_PLINQ\007_PLINQ.csproj", "{570D1EAE-5A50-48C7-8CB0-AAE75162B533}"
EndProject
Project("{FAE04EC0-301F-11D3-BF4B-00C04F79EFBC}") = "008_PLINQ", "008_PLINQ\008_PLINQ.csproj", "{E27FE9BE-289A-4E44-A749-879D3E978FB0}"
EndProject
Project("{FAE04EC0-301F-11D3-BF4B-00C04F79EFBC}") = "009_PLINQ", "009_PLINQ\009_PLINQ.csproj", "{5B2E9584-EF62-49DB-87A1-9800900A694E}"
EndProject
Global
	GlobalSection(SolutionConfigurationPlatforms) = preSolution
		Debug|Any CPU = Debug|Any CPU
		Release|Any CPU = Release|Any CPU
	EndGlobalSection
	GlobalSection(ProjectConfigurationPlatforms) = postSolution
		{7900E10B-033F-468C-9DB0-9091A5BE8485}.Debug|Any CPU.ActiveCfg = Debug|Any CPU
		{7900E10B-033F-468C-9DB0-9091A5BE8485}.Debug|Any CPU.Build.0 = Debug|Any CPU
		{7900E10B-033F-468C-9DB0-9091A5BE8485}.Release|Any CPU.ActiveCfg = Release|Any CPU
		{7900E10B-033F-468C-9DB0-9091A5BE8485}.Release|Any CPU.Build.0 = Release|Any CPU
		{BC76E310-0412-4986-92D4-0F74F88DCF46}.Debug|Any CPU.ActiveCfg = Debug|Any CPU
		{BC76E310-0412-4986-92D4-0F74F88DCF46}.Debug|Any CPU.Build.0 = Debug|Any CPU
		{BC76E310-0412-4986-92D4-0F74F88DCF46}.Release|Any CPU.ActiveCfg = Release|Any CPU
		{BC76E310-0412-4986-92D4-0F74F88DCF46}.Release|Any CPU.Build.0 = Release|Any CPU
		{943E704A-C5BB-4EB5-9825-1915121D17D8}.Debug|Any CPU.ActiveCfg = Debug|Any CPU
		{943E704A-C5BB-4EB5-9825-1915121D17D8}.Debug|Any CPU.Build.0 = Debug|Any CPU
		{943E704A-C5BB-4EB5-9825-1915121D17D8}.Release|Any CPU.ActiveCfg = Release|Any CPU
		{943E704A-C5BB-4EB5-9825-1915121D17D8}.Release|Any CPU.Build.0 = Release|Any CPU
		{DB8B58B3-8206-4C3F-A810-6D8417952C7C}.Debug|Any CPU.ActiveCfg = Debug|Any CPU
		{DB8B58B3-8206-4C3F-A810-6D8417952C7C}.Debug|Any CPU.Build.0 = Debug|Any CPU
		{DB8B58B3-8206-4C3F-A810-6D8417952C7C}.Release|Any CPU.ActiveCfg = Release|Any CPU
		{DB8B58B3-8206-4C3F-A810-6D8417952C7C}.Release|Any CPU.Build.0 = Release|Any CPU
		{AA3C5B21-A7B5-4758-8E64-67D6C4AA658D}.Debug|Any CPU.ActiveCfg = Debug|Any CPU
		{AA3C5B21-A7B5-4758-8E64-67D6C4AA658D}.Debug|Any CPU.Build.0 = Debug|Any CPU
		{AA3C5B21-A7B5-4758-8E64-67D6C4AA658D}.Release|Any CPU.ActiveCfg = Release|Any CPU
		{AA3C5B21-A7B5-4758-8E64-67D6C4AA658D}.Release|Any CPU.Build.0 = Release|Any CPU
		{5F4B4727-6A1C-4A7A-9D5D-4CF2764CB846}.Debug|Any CPU.ActiveCfg = Debug|Any CPU
		{5F4B4727-6A1C-4A7A-9D5D-4CF2764CB846}.Debug|Any CPU.Build.0 = Debug|Any CPU
		{5F4B4727-6A1C-4A7A-9D5D-4CF2764CB846}.Release|Any CPU.ActiveCfg = Release|Any CPU
		{5F4B4727-6A1C-4A7A-9D5D-4CF2764CB846}.Release|Any CPU.Build.0 = Release|Any CPU
		{570D1EAE-5A50-48C7-8CB0-AAE75162B533}.Debug|Any CPU.ActiveCfg = Debug|Any CPU
		{570D1EAE-5A50-48C7-8CB0-AAE75162B533}.Debug|Any CPU.Build.0 = Debug|Any CPU
		{570D1EAE-5A50-48C7-8CB0-AAE75162B533}.Release|Any CPU.ActiveCfg = Release|Any CPU
		{570D1EAE-5A50-48C7-8CB0-AAE75162B533}.Release|Any CPU.Build.0 = Release|Any CPU
		{E27FE9BE-289A-4E44-A749-879D3E978FB0}.Debug|Any CPU.ActiveCfg = Debug|Any CPU
		{E27FE9BE-289A-4E44-A749-879D3E978FB0}.Debug|Any CPU.Build.0 = Debug|Any CPU
		{E27FE9BE-289A-4E44-A749-879D3E978FB0}.Release|Any CPU.ActiveCfg = Release|Any CPU
		{E27FE9BE-289A-4E44-A749-879D3E978FB0}.Release|Any CPU.Build.0 = Release|Any CPU
		{5B2E9584-EF62-49DB-87A1-9800900A694E}.Debug|Any CPU.ActiveCfg = Debug|Any CPU
		{5B2E9584-EF62-49DB-87A1-9800900A694E}.Debug|Any CPU.Build.0 = Debug|Any CPU
		{5B2E9584-EF62-49DB-87A1-9800900A694E}.Release|Any CPU.ActiveCfg = Release|Any CPU
		{5B2E9584-EF62-49DB-87A1-9800900A694E}.Release|Any CPU.Build.0 = Release|Any CPU
	EndGlobalSection
	GlobalSection(SolutionProperties) = preSolution
		HideSolutionNode = FALSE
	EndGlobalSection
	GlobalSection(ExtensibilityGlobals) = postSolution
		SolutionGuid = {A530A098-22D0-453B-AF85-11B77A88EA7C}
	EndGlobalSection
EndGlobal
