
Microsoft Visual Studio Solution File, Format Version 12.00
# Visual Studio Version 17
VisualStudioVersion = 17.5.33516.290
MinimumVisualStudioVersion = 10.0.40219.1
Project("{9A19103F-16F7-4668-BE54-9A1E7A4F7556}") = "001_TPL", "001_TPL\001_TPL.csproj", "{D5F8B828-2482-444D-9DB3-C739EDA1133D}"
EndProject
Project("{9A19103F-16F7-4668-BE54-9A1E7A4F7556}") = "002_TPL", "002_TPL\002_TPL.csproj", "{D704316F-9FD3-4B3C-9D0E-45F6BDA9632F}"
EndProject
Project("{9A19103F-16F7-4668-BE54-9A1E7A4F7556}") = "003_TPL", "003_TPL\003_TPL.csproj", "{60657B20-1A9A-46AD-AC4A-AA2E10E3E85C}"
EndProject
Project("{9A19103F-16F7-4668-BE54-9A1E7A4F7556}") = "004_TPL", "004_TPL\004_TPL.csproj", "{2A4D65AB-4197-4374-9C1E-53B77C35CF85}"
EndProject
Project("{9A19103F-16F7-4668-BE54-9A1E7A4F7556}") = "005_TPL", "005_TPL\005_TPL.csproj", "{8A92F753-A894-4201-BD27-512024C83246}"
EndProject
Project("{9A19103F-16F7-4668-BE54-9A1E7A4F7556}") = "006.1_TPL", "006_TPL\006.1_TPL.csproj", "{82C59527-4740-42A7-9271-82483FDBBFB1}"
EndProject
Project("{9A19103F-16F7-4668-BE54-9A1E7A4F7556}") = "006.2_ Сlosures", "006_1_ Сlosures\006.2_ Сlosures.csproj", "{6A30062C-3347-4850-9001-1F2FD51EEDDA}"
EndProject
Project("{9A19103F-16F7-4668-BE54-9A1E7A4F7556}") = "007_TPL", "007_TPL\007_TPL.csproj", "{CDEF38A9-CB89-423C-99AF-5D894BF756A3}"
EndProject
Project("{9A19103F-16F7-4668-BE54-9A1E7A4F7556}") = "008_TPL", "008_TPL\008_TPL.csproj", "{5E810DFD-2F69-4112-8363-8F6A11E11E68}"
EndProject
Project("{9A19103F-16F7-4668-BE54-9A1E7A4F7556}") = "009_TPL", "009_TPL\009_TPL.csproj", "{C449D427-70BD-4D01-9925-31C6F3B11625}"
EndProject
Global
	GlobalSection(SolutionConfigurationPlatforms) = preSolution
		Debug|Any CPU = Debug|Any CPU
		Release|Any CPU = Release|Any CPU
	EndGlobalSection
	GlobalSection(ProjectConfigurationPlatforms) = postSolution
		{D5F8B828-2482-444D-9DB3-C739EDA1133D}.Debug|Any CPU.ActiveCfg = Debug|Any CPU
		{D5F8B828-2482-444D-9DB3-C739EDA1133D}.Debug|Any CPU.Build.0 = Debug|Any CPU
		{D5F8B828-2482-444D-9DB3-C739EDA1133D}.Release|Any CPU.ActiveCfg = Release|Any CPU
		{D5F8B828-2482-444D-9DB3-C739EDA1133D}.Release|Any CPU.Build.0 = Release|Any CPU
		{D704316F-9FD3-4B3C-9D0E-45F6BDA9632F}.Debug|Any CPU.ActiveCfg = Debug|Any CPU
		{D704316F-9FD3-4B3C-9D0E-45F6BDA9632F}.Debug|Any CPU.Build.0 = Debug|Any CPU
		{D704316F-9FD3-4B3C-9D0E-45F6BDA9632F}.Release|Any CPU.ActiveCfg = Release|Any CPU
		{D704316F-9FD3-4B3C-9D0E-45F6BDA9632F}.Release|Any CPU.Build.0 = Release|Any CPU
		{60657B20-1A9A-46AD-AC4A-AA2E10E3E85C}.Debug|Any CPU.ActiveCfg = Debug|Any CPU
		{60657B20-1A9A-46AD-AC4A-AA2E10E3E85C}.Debug|Any CPU.Build.0 = Debug|Any CPU
		{60657B20-1A9A-46AD-AC4A-AA2E10E3E85C}.Release|Any CPU.ActiveCfg = Release|Any CPU
		{60657B20-1A9A-46AD-AC4A-AA2E10E3E85C}.Release|Any CPU.Build.0 = Release|Any CPU
		{2A4D65AB-4197-4374-9C1E-53B77C35CF85}.Debug|Any CPU.ActiveCfg = Debug|Any CPU
		{2A4D65AB-4197-4374-9C1E-53B77C35CF85}.Debug|Any CPU.Build.0 = Debug|Any CPU
		{2A4D65AB-4197-4374-9C1E-53B77C35CF85}.Release|Any CPU.ActiveCfg = Release|Any CPU
		{2A4D65AB-4197-4374-9C1E-53B77C35CF85}.Release|Any CPU.Build.0 = Release|Any CPU
		{8A92F753-A894-4201-BD27-512024C83246}.Debug|Any CPU.ActiveCfg = Debug|Any CPU
		{8A92F753-A894-4201-BD27-512024C83246}.Debug|Any CPU.Build.0 = Debug|Any CPU
		{8A92F753-A894-4201-BD27-512024C83246}.Release|Any CPU.ActiveCfg = Release|Any CPU
		{8A92F753-A894-4201-BD27-512024C83246}.Release|Any CPU.Build.0 = Release|Any CPU
		{82C59527-4740-42A7-9271-82483FDBBFB1}.Debug|Any CPU.ActiveCfg = Debug|Any CPU
		{82C59527-4740-42A7-9271-82483FDBBFB1}.Debug|Any CPU.Build.0 = Debug|Any CPU
		{82C59527-4740-42A7-9271-82483FDBBFB1}.Release|Any CPU.ActiveCfg = Release|Any CPU
		{82C59527-4740-42A7-9271-82483FDBBFB1}.Release|Any CPU.Build.0 = Release|Any CPU
		{6A30062C-3347-4850-9001-1F2FD51EEDDA}.Debug|Any CPU.ActiveCfg = Debug|Any CPU
		{6A30062C-3347-4850-9001-1F2FD51EEDDA}.Debug|Any CPU.Build.0 = Debug|Any CPU
		{6A30062C-3347-4850-9001-1F2FD51EEDDA}.Release|Any CPU.ActiveCfg = Release|Any CPU
		{6A30062C-3347-4850-9001-1F2FD51EEDDA}.Release|Any CPU.Build.0 = Release|Any CPU
		{CDEF38A9-CB89-423C-99AF-5D894BF756A3}.Debug|Any CPU.ActiveCfg = Debug|Any CPU
		{CDEF38A9-CB89-423C-99AF-5D894BF756A3}.Debug|Any CPU.Build.0 = Debug|Any CPU
		{CDEF38A9-CB89-423C-99AF-5D894BF756A3}.Release|Any CPU.ActiveCfg = Release|Any CPU
		{CDEF38A9-CB89-423C-99AF-5D894BF756A3}.Release|Any CPU.Build.0 = Release|Any CPU
		{5E810DFD-2F69-4112-8363-8F6A11E11E68}.Debug|Any CPU.ActiveCfg = Debug|Any CPU
		{5E810DFD-2F69-4112-8363-8F6A11E11E68}.Debug|Any CPU.Build.0 = Debug|Any CPU
		{5E810DFD-2F69-4112-8363-8F6A11E11E68}.Release|Any CPU.ActiveCfg = Release|Any CPU
		{5E810DFD-2F69-4112-8363-8F6A11E11E68}.Release|Any CPU.Build.0 = Release|Any CPU
		{C449D427-70BD-4D01-9925-31C6F3B11625}.Debug|Any CPU.ActiveCfg = Debug|Any CPU
		{C449D427-70BD-4D01-9925-31C6F3B11625}.Debug|Any CPU.Build.0 = Debug|Any CPU
		{C449D427-70BD-4D01-9925-31C6F3B11625}.Release|Any CPU.ActiveCfg = Release|Any CPU
		{C449D427-70BD-4D01-9925-31C6F3B11625}.Release|Any CPU.Build.0 = Release|Any CPU
	EndGlobalSection
	GlobalSection(SolutionProperties) = preSolution
		HideSolutionNode = FALSE
	EndGlobalSection
	GlobalSection(ExtensibilityGlobals) = postSolution
		SolutionGuid = {ACD37617-35D8-40CD-A2EC-ACA396AC46A1}
	EndGlobalSection
EndGlobal
