
Microsoft Visual Studio Solution File, Format Version 12.00
# Visual Studio Version 17
VisualStudioVersion = 17.0.31903.59
MinimumVisualStudioVersion = 10.0.40219.1
Project("{9A19103F-16F7-4668-BE54-9A1E7A4F7556}") = "001_ConcurrentCollections", "001_ConcurrentCollections\001_ConcurrentCollections.csproj", "{D00BA70A-8966-482D-8124-BED5007F6EBD}"
EndProject
Project("{9A19103F-16F7-4668-BE54-9A1E7A4F7556}") = "002_ConcurrentCollections", "002_ConcurrentCollections\002_ConcurrentCollections.csproj", "{27FFD501-44ED-4D90-9419-11F225509559}"
EndProject
Project("{FAE04EC0-301F-11D3-BF4B-00C04F79EFBC}") = "003_ConcurrentCollections", "003_ConcurrentCollections\003_ConcurrentCollections.csproj", "{4790EFCA-ED56-4A16-B26A-97E94F4E7BF8}"
EndProject
Global
	GlobalSection(SolutionConfigurationPlatforms) = preSolution
		Debug|Any CPU = Debug|Any CPU
		Release|Any CPU = Release|Any CPU
	EndGlobalSection
	GlobalSection(ProjectConfigurationPlatforms) = postSolution
		{D00BA70A-8966-482D-8124-BED5007F6EBD}.Debug|Any CPU.ActiveCfg = Debug|Any CPU
		{D00BA70A-8966-482D-8124-BED5007F6EBD}.Debug|Any CPU.Build.0 = Debug|Any CPU
		{D00BA70A-8966-482D-8124-BED5007F6EBD}.Release|Any CPU.ActiveCfg = Release|Any CPU
		{D00BA70A-8966-482D-8124-BED5007F6EBD}.Release|Any CPU.Build.0 = Release|Any CPU
		{27FFD501-44ED-4D90-9419-11F225509559}.Debug|Any CPU.ActiveCfg = Debug|Any CPU
		{27FFD501-44ED-4D90-9419-11F225509559}.Debug|Any CPU.Build.0 = Debug|Any CPU
		{27FFD501-44ED-4D90-9419-11F225509559}.Release|Any CPU.ActiveCfg = Release|Any CPU
		{27FFD501-44ED-4D90-9419-11F225509559}.Release|Any CPU.Build.0 = Release|Any CPU
		{4790EFCA-ED56-4A16-B26A-97E94F4E7BF8}.Debug|Any CPU.ActiveCfg = Debug|Any CPU
		{4790EFCA-ED56-4A16-B26A-97E94F4E7BF8}.Debug|Any CPU.Build.0 = Debug|Any CPU
		{4790EFCA-ED56-4A16-B26A-97E94F4E7BF8}.Release|Any CPU.ActiveCfg = Release|Any CPU
		{4790EFCA-ED56-4A16-B26A-97E94F4E7BF8}.Release|Any CPU.Build.0 = Release|Any CPU
	EndGlobalSection
	GlobalSection(SolutionProperties) = preSolution
		HideSolutionNode = FALSE
	EndGlobalSection
	GlobalSection(ExtensibilityGlobals) = postSolution
		SolutionGuid = {F06EDED1-51B9-4AEF-A847-97B280127C3C}
	EndGlobalSection
EndGlobal
